
Microsoft Visual Studio Solution File, Format Version 12.00
# Visual Studio Version 16
VisualStudioVersion = 16.0.30523.141
MinimumVisualStudioVersion = 10.0.40219.1
Project("{9A19103F-16F7-4668-BE54-9A1E7A4F7556}") = "COM3D2.Lilly.Plugin", "COM3D2.Lilly.BepInExPlugin\COM3D2.Lilly.Plugin.csproj", "{9401A216-C9BB-409B-9C76-14A97FA50D02}"
EndProject
Project("{2150E333-8FDC-42A3-9474-1A3956D46DE8}") = "Solution Items", "Solution Items", "{6D55F31F-5C95-432F-B297-F9419C12EBC8}"
	ProjectSection(SolutionItems) = preProject
		memo.txt = memo.txt
		PlayerStatusSetFlag.csv = PlayerStatusSetFlag.csv
		README.MD = README.MD
	EndProjectSection
EndProject
Project("{FAE04EC0-301F-11D3-BF4B-00C04F79EFBC}") = "COM3D2.ScheduleUtill.plugin", "..\COM3D2.ScheduleUtill.plugin\BepInPluginSample\COM3D2.ScheduleUtill.plugin.csproj", "{22EEBF57-57FB-4FF6-A298-653F0DB3E029}"
EndProject
Project("{FAE04EC0-301F-11D3-BF4B-00C04F79EFBC}") = "COM3D2.PresetExpresetXmlLoader.Plugin", "..\COM3D2.PresetExpresetXmlLoader.Plugin\BepInPluginSample\COM3D2.PresetExpresetXmlLoader.Plugin.csproj", "{221D5A0B-3C82-4640-AE59-D7754C630B86}"
EndProject
Project("{FAE04EC0-301F-11D3-BF4B-00C04F79EFBC}") = "BepInPluginSample", "..\BepInPluginSample\BepInPluginSample\BepInPluginSample.csproj", "{AC5AB442-3718-4E4D-A729-69DD82F7DA79}"
EndProject
Project("{FAE04EC0-301F-11D3-BF4B-00C04F79EFBC}") = "COM3D2.PresetLoadCtr.Plugin", "..\COM3D2.PresetLoadCtr.Plugin\COM3D2.PresetLoadCtr.Plugin\COM3D2.PresetLoadCtr.Plugin.csproj", "{4DA1E85A-25F8-45D5-B72F-553D3C973524}"
EndProject
Project("{FAE04EC0-301F-11D3-BF4B-00C04F79EFBC}") = "COM3D2.PoseStreamLilly.Plugin", "C:\Users\lilly\source\repos\COM3D2.PoseStreamLilly.Plugin\BepInPluginSample\COM3D2.PoseStreamLilly.Plugin.csproj", "{22C427E0-C060-48C9-8836-DD3B97936218}"
EndProject
Project("{FAE04EC0-301F-11D3-BF4B-00C04F79EFBC}") = "COM3D2.DebugLilly.Plugin", "COM3D2.DebugLilly.Plugin\COM3D2.DebugLilly.Plugin.csproj", "{30036E2D-032C-41B8-9B06-20270775F049}"
EndProject
Project("{FAE04EC0-301F-11D3-BF4B-00C04F79EFBC}") = "COM3D2.DebugLilly.BepInExPlugin", "COM3D2.DebugLilly.BepInExPlugin\COM3D2.DebugLilly.BepInExPlugin.csproj", "{2A949BE2-942B-4881-B771-A5950A3BFA56}"
EndProject
Project("{FAE04EC0-301F-11D3-BF4B-00C04F79EFBC}") = "COM3D2.ErrorTexturePlaceholder.Plugin", "C:\Users\lilly\source\repos\COM3D2.ErrorTexturePlaceholder.Plugin\BepInPluginSample\COM3D2.ErrorTexturePlaceholder.Plugin.csproj", "{2028237E-9078-41F3-BCD2-426BB9B1DF04}"
EndProject
Project("{FAE04EC0-301F-11D3-BF4B-00C04F79EFBC}") = "CM3D2.VMDPlay.Plugin", "..\CM3D2.VMDPlay.Plugin\CM3D2.VMDPlay.Plugin\CM3D2.VMDPlay.Plugin.csproj", "{A5424FB5-5284-4D92-A6BD-62C7133D49EC}"
EndProject
Project("{9A19103F-16F7-4668-BE54-9A1E7A4F7556}") = "COM3D2.PropMyItem.Plugin", "..\com3d2.propmyitem.plugin\COM3D2.PropMyItem.Plugin\COM3D2.PropMyItem.Plugin.csproj", "{A1EC8953-0DE4-4519-9C58-934A4D605A1E}"
EndProject
Global
	GlobalSection(SolutionConfigurationPlatforms) = preSolution
		Debug|Any CPU = Debug|Any CPU
		Release|Any CPU = Release|Any CPU
	EndGlobalSection
	GlobalSection(ProjectConfigurationPlatforms) = postSolution
		{9401A216-C9BB-409B-9C76-14A97FA50D02}.Debug|Any CPU.ActiveCfg = Debug|Any CPU
		{9401A216-C9BB-409B-9C76-14A97FA50D02}.Debug|Any CPU.Build.0 = Debug|Any CPU
		{9401A216-C9BB-409B-9C76-14A97FA50D02}.Release|Any CPU.ActiveCfg = Release|Any CPU
		{9401A216-C9BB-409B-9C76-14A97FA50D02}.Release|Any CPU.Build.0 = Release|Any CPU
		{22EEBF57-57FB-4FF6-A298-653F0DB3E029}.Debug|Any CPU.ActiveCfg = Debug|Any CPU
		{22EEBF57-57FB-4FF6-A298-653F0DB3E029}.Debug|Any CPU.Build.0 = Debug|Any CPU
		{22EEBF57-57FB-4FF6-A298-653F0DB3E029}.Release|Any CPU.ActiveCfg = Release|Any CPU
		{22EEBF57-57FB-4FF6-A298-653F0DB3E029}.Release|Any CPU.Build.0 = Release|Any CPU
		{221D5A0B-3C82-4640-AE59-D7754C630B86}.Debug|Any CPU.ActiveCfg = Debug|Any CPU
		{221D5A0B-3C82-4640-AE59-D7754C630B86}.Debug|Any CPU.Build.0 = Debug|Any CPU
		{221D5A0B-3C82-4640-AE59-D7754C630B86}.Release|Any CPU.ActiveCfg = Release|Any CPU
		{221D5A0B-3C82-4640-AE59-D7754C630B86}.Release|Any CPU.Build.0 = Release|Any CPU
		{AC5AB442-3718-4E4D-A729-69DD82F7DA79}.Debug|Any CPU.ActiveCfg = Debug|Any CPU
		{AC5AB442-3718-4E4D-A729-69DD82F7DA79}.Debug|Any CPU.Build.0 = Debug|Any CPU
		{AC5AB442-3718-4E4D-A729-69DD82F7DA79}.Release|Any CPU.ActiveCfg = Release|Any CPU
		{AC5AB442-3718-4E4D-A729-69DD82F7DA79}.Release|Any CPU.Build.0 = Release|Any CPU
		{4DA1E85A-25F8-45D5-B72F-553D3C973524}.Debug|Any CPU.ActiveCfg = Debug|Any CPU
		{4DA1E85A-25F8-45D5-B72F-553D3C973524}.Debug|Any CPU.Build.0 = Debug|Any CPU
		{4DA1E85A-25F8-45D5-B72F-553D3C973524}.Release|Any CPU.ActiveCfg = Release|Any CPU
		{4DA1E85A-25F8-45D5-B72F-553D3C973524}.Release|Any CPU.Build.0 = Release|Any CPU
		{22C427E0-C060-48C9-8836-DD3B97936218}.Debug|Any CPU.ActiveCfg = Debug|Any CPU
		{22C427E0-C060-48C9-8836-DD3B97936218}.Debug|Any CPU.Build.0 = Debug|Any CPU
		{22C427E0-C060-48C9-8836-DD3B97936218}.Release|Any CPU.ActiveCfg = Release|Any CPU
		{22C427E0-C060-48C9-8836-DD3B97936218}.Release|Any CPU.Build.0 = Release|Any CPU
		{30036E2D-032C-41B8-9B06-20270775F049}.Debug|Any CPU.ActiveCfg = Debug|Any CPU
		{30036E2D-032C-41B8-9B06-20270775F049}.Debug|Any CPU.Build.0 = Debug|Any CPU
		{30036E2D-032C-41B8-9B06-20270775F049}.Release|Any CPU.ActiveCfg = Release|Any CPU
		{30036E2D-032C-41B8-9B06-20270775F049}.Release|Any CPU.Build.0 = Release|Any CPU
		{2A949BE2-942B-4881-B771-A5950A3BFA56}.Debug|Any CPU.ActiveCfg = Debug|Any CPU
		{2A949BE2-942B-4881-B771-A5950A3BFA56}.Debug|Any CPU.Build.0 = Debug|Any CPU
		{2A949BE2-942B-4881-B771-A5950A3BFA56}.Release|Any CPU.ActiveCfg = Release|Any CPU
		{2A949BE2-942B-4881-B771-A5950A3BFA56}.Release|Any CPU.Build.0 = Release|Any CPU
		{2028237E-9078-41F3-BCD2-426BB9B1DF04}.Debug|Any CPU.ActiveCfg = Debug|Any CPU
		{2028237E-9078-41F3-BCD2-426BB9B1DF04}.Debug|Any CPU.Build.0 = Debug|Any CPU
		{2028237E-9078-41F3-BCD2-426BB9B1DF04}.Release|Any CPU.ActiveCfg = Release|Any CPU
		{2028237E-9078-41F3-BCD2-426BB9B1DF04}.Release|Any CPU.Build.0 = Release|Any CPU
		{A5424FB5-5284-4D92-A6BD-62C7133D49EC}.Debug|Any CPU.ActiveCfg = Debug|Any CPU
		{A5424FB5-5284-4D92-A6BD-62C7133D49EC}.Debug|Any CPU.Build.0 = Debug|Any CPU
		{A5424FB5-5284-4D92-A6BD-62C7133D49EC}.Release|Any CPU.ActiveCfg = Release|Any CPU
		{A5424FB5-5284-4D92-A6BD-62C7133D49EC}.Release|Any CPU.Build.0 = Release|Any CPU
		{A1EC8953-0DE4-4519-9C58-934A4D605A1E}.Debug|Any CPU.ActiveCfg = Debug|Any CPU
		{A1EC8953-0DE4-4519-9C58-934A4D605A1E}.Debug|Any CPU.Build.0 = Debug|Any CPU
		{A1EC8953-0DE4-4519-9C58-934A4D605A1E}.Release|Any CPU.ActiveCfg = Release|Any CPU
		{A1EC8953-0DE4-4519-9C58-934A4D605A1E}.Release|Any CPU.Build.0 = Release|Any CPU
	EndGlobalSection
	GlobalSection(SolutionProperties) = preSolution
		HideSolutionNode = FALSE
	EndGlobalSection
	GlobalSection(ExtensibilityGlobals) = postSolution
		SolutionGuid = {76FFB4E6-4A0C-4740-95F8-9C0881DEC86E}
	EndGlobalSection
EndGlobal
